
Microsoft Visual Studio Solution File, Format Version 12.00
# Visual Studio 15
VisualStudioVersion = 15.0.28307.960
MinimumVisualStudioVersion = 10.0.40219.1
Project("{FAE04EC0-301F-11D3-BF4B-00C04F79EFBC}") = "EFTTool", "EFTTool\EFTTool.csproj", "{1EDF0694-7000-4E52-B7B9-52C4118701DC}"
EndProject
Global
	GlobalSection(SolutionConfigurationPlatforms) = preSolution
		Debug|Any CPU = Debug|Any CPU
		Release|Any CPU = Release|Any CPU
	EndGlobalSection
	GlobalSection(ProjectConfigurationPlatforms) = postSolution
		{1EDF0694-7000-4E52-B7B9-52C4118701DC}.Debug|Any CPU.ActiveCfg = Debug|Any CPU
		{1EDF0694-7000-4E52-B7B9-52C4118701DC}.Debug|Any CPU.Build.0 = Debug|Any CPU
		{1EDF0694-7000-4E52-B7B9-52C4118701DC}.Release|Any CPU.ActiveCfg = Release|Any CPU
		{1EDF0694-7000-4E52-B7B9-52C4118701DC}.Release|Any CPU.Build.0 = Release|Any CPU
	EndGlobalSection
	GlobalSection(SolutionProperties) = preSolution
		HideSolutionNode = FALSE
	EndGlobalSection
	GlobalSection(ExtensibilityGlobals) = postSolution
		SolutionGuid = {C65E2AFA-021E-420C-B3EF-18E3C76144EF}
	EndGlobalSection
EndGlobal
